
Microsoft Visual Studio Solution File, Format Version 12.00
# Visual Studio 14
VisualStudioVersion = 14.0.24720.0
MinimumVisualStudioVersion = 10.0.40219.1
Project("{FAE04EC0-301F-11D3-BF4B-00C04F79EFBC}") = "CSWLib.Web", "CSWLib\CSWLib.Web.csproj", "{7192F789-258A-4125-83D8-6DC1F16A90E1}"
EndProject
Project("{FAE04EC0-301F-11D3-BF4B-00C04F79EFBC}") = "CSWLib.Api", "CSWLib.Api\CSWLib.Api.csproj", "{13CE74D8-E600-42C6-9F2C-6AC175C9F49D}"
EndProject
Project("{FAE04EC0-301F-11D3-BF4B-00C04F79EFBC}") = "CSWLib.Entity", "CSWLib.Entity\CSWLib.Entity.csproj", "{0E82D33F-3527-40F1-8042-A384E5D7A725}"
EndProject
Global
	GlobalSection(SolutionConfigurationPlatforms) = preSolution
		Debug|Any CPU = Debug|Any CPU
		Release|Any CPU = Release|Any CPU
	EndGlobalSection
	GlobalSection(ProjectConfigurationPlatforms) = postSolution
		{7192F789-258A-4125-83D8-6DC1F16A90E1}.Debug|Any CPU.ActiveCfg = Debug|Any CPU
		{7192F789-258A-4125-83D8-6DC1F16A90E1}.Debug|Any CPU.Build.0 = Debug|Any CPU
		{7192F789-258A-4125-83D8-6DC1F16A90E1}.Release|Any CPU.ActiveCfg = Release|Any CPU
		{7192F789-258A-4125-83D8-6DC1F16A90E1}.Release|Any CPU.Build.0 = Release|Any CPU
		{13CE74D8-E600-42C6-9F2C-6AC175C9F49D}.Debug|Any CPU.ActiveCfg = Debug|Any CPU
		{13CE74D8-E600-42C6-9F2C-6AC175C9F49D}.Debug|Any CPU.Build.0 = Debug|Any CPU
		{13CE74D8-E600-42C6-9F2C-6AC175C9F49D}.Release|Any CPU.ActiveCfg = Release|Any CPU
		{13CE74D8-E600-42C6-9F2C-6AC175C9F49D}.Release|Any CPU.Build.0 = Release|Any CPU
		{0E82D33F-3527-40F1-8042-A384E5D7A725}.Debug|Any CPU.ActiveCfg = Debug|Any CPU
		{0E82D33F-3527-40F1-8042-A384E5D7A725}.Debug|Any CPU.Build.0 = Debug|Any CPU
		{0E82D33F-3527-40F1-8042-A384E5D7A725}.Release|Any CPU.ActiveCfg = Release|Any CPU
		{0E82D33F-3527-40F1-8042-A384E5D7A725}.Release|Any CPU.Build.0 = Release|Any CPU
	EndGlobalSection
	GlobalSection(SolutionProperties) = preSolution
		HideSolutionNode = FALSE
	EndGlobalSection
EndGlobal
